{
  "name": "StreamPlatformLite-Frontend",
  "lockfileVersion": 3,
  "requires": true,
  "packages": {
    "": {
      "dependencies": {
        "sweetalert2": "^11.16.1"
      }
    },
    "node_modules/sweetalert2": {
      "version": "11.16.1",
      "resolved": "https://registry.npmjs.org/sweetalert2/-/sweetalert2-11.16.1.tgz",
      "integrity": "sha512-rGGByR/DkxqmPrJlsf4Yr8ud/kj3GQ3BVXokJIZK122fz/2PEZXexNZVftzdCyy4J1ehxXrhH+mUHPStCESvfA==",
      "license": "MIT",
      "funding": {
        "type": "individual",
        "url": "https://github.com/sponsors/limonte"
      }
    }
  }
}
